// !$*UTF8*$!
{
	archiveVersion = 1;
	classes = {
	};
	objectVersion = 50;
	objects = {

/* Begin PBXBuildFile section */
		9400C3CC22AAF1460080BD84 /* MigraineCellViewModel.swift in Sources */ = {isa = PBXBuildFile; fileRef = 9400C3CB22AAF1460080BD84 /* MigraineCellViewModel.swift */; };
		9400C3CE22AAF1800080BD84 /* MigraineListViewModel.swift in Sources */ = {isa = PBXBuildFile; fileRef = 9400C3CD22AAF1800080BD84 /* MigraineListViewModel.swift */; };
		9400C3D022AC6A910080BD84 /* Styles.swift in Sources */ = {isa = PBXBuildFile; fileRef = 9400C3CF22AC6A910080BD84 /* Styles.swift */; };
		9400C3D622AD6BB70080BD84 /* LibreFranklin-ExtraLight.ttf in Resources */ = {isa = PBXBuildFile; fileRef = 9400C3D522AD6BB70080BD84 /* LibreFranklin-ExtraLight.ttf */; };
		9400C3D822AD6BD80080BD84 /* SourceSerifPro-Regular.ttf in Resources */ = {isa = PBXBuildFile; fileRef = 9400C3D722AD6BD80080BD84 /* SourceSerifPro-Regular.ttf */; };
		9400C3DA22AD7F970080BD84 /* LibreFranklin-Regular.ttf in Resources */ = {isa = PBXBuildFile; fileRef = 9400C3D922AD7F970080BD84 /* LibreFranklin-Regular.ttf */; };
		940DD98122B1B4780085E39F /* ViewModelUtility.swift in Sources */ = {isa = PBXBuildFile; fileRef = 940DD98022B1B4780085E39F /* ViewModelUtility.swift */; };
		940DD98522B2F8740085E39F /* ViewControllerUtility.swift in Sources */ = {isa = PBXBuildFile; fileRef = 940DD98422B2F8740085E39F /* ViewControllerUtility.swift */; };
		940DD98722B3261C0085E39F /* StatsViewModel.swift in Sources */ = {isa = PBXBuildFile; fileRef = 940DD98622B3261C0085E39F /* StatsViewModel.swift */; };
		94382B6421011C7600606FF7 /* Migraine.swift in Sources */ = {isa = PBXBuildFile; fileRef = 94382B6321011C7600606FF7 /* Migraine.swift */; };
		94382B6621011E4200606FF7 /* Treatment.swift in Sources */ = {isa = PBXBuildFile; fileRef = 94382B6521011E4200606FF7 /* Treatment.swift */; };
		94382B68210124BF00606FF7 /* DB.swift in Sources */ = {isa = PBXBuildFile; fileRef = 94382B67210124BF00606FF7 /* DB.swift */; };
		94382B6A21012DD800606FF7 /* MigraineDetailsViewController.swift in Sources */ = {isa = PBXBuildFile; fileRef = 94382B6921012DD800606FF7 /* MigraineDetailsViewController.swift */; };
		94382B6C2102C1C000606FF7 /* MigraineCell.swift in Sources */ = {isa = PBXBuildFile; fileRef = 94382B6B2102C1C000606FF7 /* MigraineCell.swift */; };
		9441703622A1DC2200366F5C /* MigraineDetailsViewModel.swift in Sources */ = {isa = PBXBuildFile; fileRef = 9441703522A1DC2200366F5C /* MigraineDetailsViewModel.swift */; };
		94A0015221011AC400F2819E /* AppDelegate.swift in Sources */ = {isa = PBXBuildFile; fileRef = 94A0015121011AC400F2819E /* AppDelegate.swift */; };
		94A0015421011AC400F2819E /* MigraineListViewController.swift in Sources */ = {isa = PBXBuildFile; fileRef = 94A0015321011AC400F2819E /* MigraineListViewController.swift */; };
		94A0015621011AC400F2819E /* StatsViewController.swift in Sources */ = {isa = PBXBuildFile; fileRef = 94A0015521011AC400F2819E /* StatsViewController.swift */; };
		94A0015B21011AC600F2819E /* Assets.xcassets in Resources */ = {isa = PBXBuildFile; fileRef = 94A0015A21011AC600F2819E /* Assets.xcassets */; };
		94A0015E21011AC600F2819E /* LaunchScreen.storyboard in Resources */ = {isa = PBXBuildFile; fileRef = 94A0015C21011AC600F2819E /* LaunchScreen.storyboard */; };
		DB13E2C87D48BEB671DA7C74 /* Pods_Migraine_Log.framework in Frameworks */ = {isa = PBXBuildFile; fileRef = AC031D6EB4D2A68EBAA39A36 /* Pods_Migraine_Log.framework */; };
/* End PBXBuildFile section */

/* Begin PBXCopyFilesBuildPhase section */
		9441702C22A1D9B500366F5C /* Embed Frameworks */ = {
			isa = PBXCopyFilesBuildPhase;
			buildActionMask = 2147483647;
			dstPath = "";
			dstSubfolderSpec = 10;
			files = (
			);
			name = "Embed Frameworks";
			runOnlyForDeploymentPostprocessing = 0;
		};
/* End PBXCopyFilesBuildPhase section */

/* Begin PBXFileReference section */
		11A0250A019276A984612356 /* Pods-MigraineLogUI.release.xcconfig */ = {isa = PBXFileReference; includeInIndex = 1; lastKnownFileType = text.xcconfig; name = "Pods-MigraineLogUI.release.xcconfig"; path = "Target Support Files/Pods-MigraineLogUI/Pods-MigraineLogUI.release.xcconfig"; sourceTree = "<group>"; };
		3F1C3CF9BED3E888E9425B34 /* Pods-MigraineLogUI.debug.xcconfig */ = {isa = PBXFileReference; includeInIndex = 1; lastKnownFileType = text.xcconfig; name = "Pods-MigraineLogUI.debug.xcconfig"; path = "Target Support Files/Pods-MigraineLogUI/Pods-MigraineLogUI.debug.xcconfig"; sourceTree = "<group>"; };
		41268D41C0675C88014A3911 /* Pods_MigraineLogUI.framework */ = {isa = PBXFileReference; explicitFileType = wrapper.framework; includeInIndex = 0; path = Pods_MigraineLogUI.framework; sourceTree = BUILT_PRODUCTS_DIR; };
		71AFB17288F9D7E4859EFDF4 /* Pods-Migraine Log.debug.xcconfig */ = {isa = PBXFileReference; includeInIndex = 1; lastKnownFileType = text.xcconfig; name = "Pods-Migraine Log.debug.xcconfig"; path = "Target Support Files/Pods-Migraine Log/Pods-Migraine Log.debug.xcconfig"; sourceTree = "<group>"; };
		9400C3CB22AAF1460080BD84 /* MigraineCellViewModel.swift */ = {isa = PBXFileReference; lastKnownFileType = sourcecode.swift; path = MigraineCellViewModel.swift; sourceTree = "<group>"; };
		9400C3CD22AAF1800080BD84 /* MigraineListViewModel.swift */ = {isa = PBXFileReference; fileEncoding = 4; lastKnownFileType = sourcecode.swift; path = MigraineListViewModel.swift; sourceTree = "<group>"; };
		9400C3CF22AC6A910080BD84 /* Styles.swift */ = {isa = PBXFileReference; lastKnownFileType = sourcecode.swift; path = Styles.swift; sourceTree = "<group>"; };
		9400C3D522AD6BB70080BD84 /* LibreFranklin-ExtraLight.ttf */ = {isa = PBXFileReference; lastKnownFileType = file; path = "LibreFranklin-ExtraLight.ttf"; sourceTree = "<group>"; };
		9400C3D722AD6BD80080BD84 /* SourceSerifPro-Regular.ttf */ = {isa = PBXFileReference; lastKnownFileType = file; path = "SourceSerifPro-Regular.ttf"; sourceTree = "<group>"; };
		9400C3D922AD7F970080BD84 /* LibreFranklin-Regular.ttf */ = {isa = PBXFileReference; lastKnownFileType = file; path = "LibreFranklin-Regular.ttf"; sourceTree = "<group>"; };
		940DD98022B1B4780085E39F /* ViewModelUtility.swift */ = {isa = PBXFileReference; lastKnownFileType = sourcecode.swift; path = ViewModelUtility.swift; sourceTree = "<group>"; };
		940DD98422B2F8740085E39F /* ViewControllerUtility.swift */ = {isa = PBXFileReference; lastKnownFileType = sourcecode.swift; path = ViewControllerUtility.swift; sourceTree = "<group>"; };
		940DD98622B3261C0085E39F /* StatsViewModel.swift */ = {isa = PBXFileReference; lastKnownFileType = sourcecode.swift; path = StatsViewModel.swift; sourceTree = "<group>"; };
		94382B6321011C7600606FF7 /* Migraine.swift */ = {isa = PBXFileReference; lastKnownFileType = sourcecode.swift; path = Migraine.swift; sourceTree = "<group>"; };
		94382B6521011E4200606FF7 /* Treatment.swift */ = {isa = PBXFileReference; lastKnownFileType = sourcecode.swift; path = Treatment.swift; sourceTree = "<group>"; };
		94382B67210124BF00606FF7 /* DB.swift */ = {isa = PBXFileReference; lastKnownFileType = sourcecode.swift; path = DB.swift; sourceTree = "<group>"; };
		94382B6921012DD800606FF7 /* MigraineDetailsViewController.swift */ = {isa = PBXFileReference; lastKnownFileType = sourcecode.swift; path = MigraineDetailsViewController.swift; sourceTree = "<group>"; };
		94382B6B2102C1C000606FF7 /* MigraineCell.swift */ = {isa = PBXFileReference; lastKnownFileType = sourcecode.swift; path = MigraineCell.swift; sourceTree = "<group>"; };
		9441703522A1DC2200366F5C /* MigraineDetailsViewModel.swift */ = {isa = PBXFileReference; lastKnownFileType = sourcecode.swift; path = MigraineDetailsViewModel.swift; sourceTree = "<group>"; };
		94A0014E21011AC400F2819E /* Migraine Log.app */ = {isa = PBXFileReference; explicitFileType = wrapper.application; includeInIndex = 0; path = "Migraine Log.app"; sourceTree = BUILT_PRODUCTS_DIR; };
		94A0015121011AC400F2819E /* AppDelegate.swift */ = {isa = PBXFileReference; lastKnownFileType = sourcecode.swift; path = AppDelegate.swift; sourceTree = "<group>"; };
		94A0015321011AC400F2819E /* MigraineListViewController.swift */ = {isa = PBXFileReference; lastKnownFileType = sourcecode.swift; path = MigraineListViewController.swift; sourceTree = "<group>"; };
		94A0015521011AC400F2819E /* StatsViewController.swift */ = {isa = PBXFileReference; lastKnownFileType = sourcecode.swift; path = StatsViewController.swift; sourceTree = "<group>"; };
		94A0015A21011AC600F2819E /* Assets.xcassets */ = {isa = PBXFileReference; lastKnownFileType = folder.assetcatalog; path = Assets.xcassets; sourceTree = "<group>"; };
		94A0015D21011AC600F2819E /* Base */ = {isa = PBXFileReference; lastKnownFileType = file.storyboard; name = Base; path = Base.lproj/LaunchScreen.storyboard; sourceTree = "<group>"; };
		94A0015F21011AC600F2819E /* Info.plist */ = {isa = PBXFileReference; lastKnownFileType = text.plist.xml; path = Info.plist; sourceTree = "<group>"; };
		AC031D6EB4D2A68EBAA39A36 /* Pods_Migraine_Log.framework */ = {isa = PBXFileReference; explicitFileType = wrapper.framework; includeInIndex = 0; path = Pods_Migraine_Log.framework; sourceTree = BUILT_PRODUCTS_DIR; };
		E33FBECA8973C3AD15663D3A /* Pods-Migraine Log.release.xcconfig */ = {isa = PBXFileReference; includeInIndex = 1; lastKnownFileType = text.xcconfig; name = "Pods-Migraine Log.release.xcconfig"; path = "Target Support Files/Pods-Migraine Log/Pods-Migraine Log.release.xcconfig"; sourceTree = "<group>"; };
/* End PBXFileReference section */

/* Begin PBXFrameworksBuildPhase section */
		94A0014B21011AC400F2819E /* Frameworks */ = {
			isa = PBXFrameworksBuildPhase;
			buildActionMask = 2147483647;
			files = (
				DB13E2C87D48BEB671DA7C74 /* Pods_Migraine_Log.framework in Frameworks */,
			);
			runOnlyForDeploymentPostprocessing = 0;
		};
/* End PBXFrameworksBuildPhase section */

/* Begin PBXGroup section */
		8E9DB8894DBCB6425224BB81 /* Pods */ = {
			isa = PBXGroup;
			children = (
				71AFB17288F9D7E4859EFDF4 /* Pods-Migraine Log.debug.xcconfig */,
				E33FBECA8973C3AD15663D3A /* Pods-Migraine Log.release.xcconfig */,
				3F1C3CF9BED3E888E9425B34 /* Pods-MigraineLogUI.debug.xcconfig */,
				11A0250A019276A984612356 /* Pods-MigraineLogUI.release.xcconfig */,
			);
			path = Pods;
			sourceTree = "<group>";
		};
		9337AB5B24A0D089C92CF4DF /* Frameworks */ = {
			isa = PBXGroup;
			children = (
				AC031D6EB4D2A68EBAA39A36 /* Pods_Migraine_Log.framework */,
				41268D41C0675C88014A3911 /* Pods_MigraineLogUI.framework */,
			);
			name = Frameworks;
			sourceTree = "<group>";
		};
		9441703922A1DE2100366F5C /* Model */ = {
			isa = PBXGroup;
			children = (
				94382B67210124BF00606FF7 /* DB.swift */,
				94382B6321011C7600606FF7 /* Migraine.swift */,
				94382B6521011E4200606FF7 /* Treatment.swift */,
			);
			path = Model;
			sourceTree = "<group>";
		};
		9441703A22A1DE4800366F5C /* ViewModels */ = {
			isa = PBXGroup;
			children = (
				940DD98022B1B4780085E39F /* ViewModelUtility.swift */,
				9400C3CD22AAF1800080BD84 /* MigraineListViewModel.swift */,
				9400C3CB22AAF1460080BD84 /* MigraineCellViewModel.swift */,
				9441703522A1DC2200366F5C /* MigraineDetailsViewModel.swift */,
				940DD98622B3261C0085E39F /* StatsViewModel.swift */,
			);
			path = ViewModels;
			sourceTree = "<group>";
		};
		9441703B22A1DE5500366F5C /* ViewControllers */ = {
			isa = PBXGroup;
			children = (
				940DD98422B2F8740085E39F /* ViewControllerUtility.swift */,
				94A0015321011AC400F2819E /* MigraineListViewController.swift */,
				94382B6921012DD800606FF7 /* MigraineDetailsViewController.swift */,
				94A0015521011AC400F2819E /* StatsViewController.swift */,
			);
			path = ViewControllers;
			sourceTree = "<group>";
		};
		9441703C22A1DE5E00366F5C /* Views */ = {
			isa = PBXGroup;
			children = (
				94382B6B2102C1C000606FF7 /* MigraineCell.swift */,
			);
			path = Views;
			sourceTree = "<group>";
		};
		94A0014521011AC400F2819E = {
			isa = PBXGroup;
			children = (
				94A0015021011AC400F2819E /* Migraine Log */,
				94A0014F21011AC400F2819E /* Products */,
				8E9DB8894DBCB6425224BB81 /* Pods */,
				9337AB5B24A0D089C92CF4DF /* Frameworks */,
			);
			sourceTree = "<group>";
		};
		94A0014F21011AC400F2819E /* Products */ = {
			isa = PBXGroup;
			children = (
				94A0014E21011AC400F2819E /* Migraine Log.app */,
			);
			name = Products;
			sourceTree = "<group>";
		};
		94A0015021011AC400F2819E /* Migraine Log */ = {
			isa = PBXGroup;
			children = (
				94A0015121011AC400F2819E /* AppDelegate.swift */,
				9441703922A1DE2100366F5C /* Model */,
				9441703A22A1DE4800366F5C /* ViewModels */,
				9441703B22A1DE5500366F5C /* ViewControllers */,
				9441703C22A1DE5E00366F5C /* Views */,
				94A0015A21011AC600F2819E /* Assets.xcassets */,
				94A0015C21011AC600F2819E /* LaunchScreen.storyboard */,
				94A0015F21011AC600F2819E /* Info.plist */,
				9400C3D722AD6BD80080BD84 /* SourceSerifPro-Regular.ttf */,
				9400C3D522AD6BB70080BD84 /* LibreFranklin-ExtraLight.ttf */,
				9400C3D922AD7F970080BD84 /* LibreFranklin-Regular.ttf */,
				9400C3CF22AC6A910080BD84 /* Styles.swift */,
			);
			path = "Migraine Log";
			sourceTree = "<group>";
		};
/* End PBXGroup section */

/* Begin PBXNativeTarget section */
		94A0014D21011AC400F2819E /* Migraine Log */ = {
			isa = PBXNativeTarget;
			buildConfigurationList = 94A0016221011AC600F2819E /* Build configuration list for PBXNativeTarget "Migraine Log" */;
			buildPhases = (
				2340A508284E150B52CB1496 /* [CP] Check Pods Manifest.lock */,
				94A0014A21011AC400F2819E /* Sources */,
				94A0014B21011AC400F2819E /* Frameworks */,
				94A0014C21011AC400F2819E /* Resources */,
				310EB343E53CF15B02EF9CA9 /* [CP] Embed Pods Frameworks */,
				9441702C22A1D9B500366F5C /* Embed Frameworks */,
			);
			buildRules = (
			);
			dependencies = (
			);
			name = "Migraine Log";
			productName = "Migraine Log";
			productReference = 94A0014E21011AC400F2819E /* Migraine Log.app */;
			productType = "com.apple.product-type.application";
		};
/* End PBXNativeTarget section */

/* Begin PBXProject section */
		94A0014621011AC400F2819E /* Project object */ = {
			isa = PBXProject;
			attributes = {
				LastSwiftUpdateCheck = 0940;
				LastUpgradeCheck = 0940;
				ORGANIZATIONNAME = rmf;
				TargetAttributes = {
					94A0014D21011AC400F2819E = {
						CreatedOnToolsVersion = 9.4.1;
					};
				};
			};
			buildConfigurationList = 94A0014921011AC400F2819E /* Build configuration list for PBXProject "Migraine Log" */;
			compatibilityVersion = "Xcode 9.3";
			developmentRegion = en;
			hasScannedForEncodings = 0;
			knownRegions = (
				en,
				Base,
			);
			mainGroup = 94A0014521011AC400F2819E;
			productRefGroup = 94A0014F21011AC400F2819E /* Products */;
			projectDirPath = "";
			projectRoot = "";
			targets = (
				94A0014D21011AC400F2819E /* Migraine Log */,
			);
		};
/* End PBXProject section */

/* Begin PBXResourcesBuildPhase section */
		94A0014C21011AC400F2819E /* Resources */ = {
			isa = PBXResourcesBuildPhase;
			buildActionMask = 2147483647;
			files = (
				9400C3D622AD6BB70080BD84 /* LibreFranklin-ExtraLight.ttf in Resources */,
				94A0015E21011AC600F2819E /* LaunchScreen.storyboard in Resources */,
				94A0015B21011AC600F2819E /* Assets.xcassets in Resources */,
				9400C3D822AD6BD80080BD84 /* SourceSerifPro-Regular.ttf in Resources */,
				9400C3DA22AD7F970080BD84 /* LibreFranklin-Regular.ttf in Resources */,
			);
			runOnlyForDeploymentPostprocessing = 0;
		};
/* End PBXResourcesBuildPhase section */

/* Begin PBXShellScriptBuildPhase section */
		2340A508284E150B52CB1496 /* [CP] Check Pods Manifest.lock */ = {
			isa = PBXShellScriptBuildPhase;
			buildActionMask = 2147483647;
			files = (
			);
			inputFileListPaths = (
			);
			inputPaths = (
				"${PODS_PODFILE_DIR_PATH}/Podfile.lock",
				"${PODS_ROOT}/Manifest.lock",
			);
			name = "[CP] Check Pods Manifest.lock";
			outputFileListPaths = (
			);
			outputPaths = (
				"$(DERIVED_FILE_DIR)/Pods-Migraine Log-checkManifestLockResult.txt",
			);
			runOnlyForDeploymentPostprocessing = 0;
			shellPath = /bin/sh;
			shellScript = "diff \"${PODS_PODFILE_DIR_PATH}/Podfile.lock\" \"${PODS_ROOT}/Manifest.lock\" > /dev/null\nif [ $? != 0 ] ; then\n    # print error to STDERR\n    echo \"error: The sandbox is not in sync with the Podfile.lock. Run 'pod install' or update your CocoaPods installation.\" >&2\n    exit 1\nfi\n# This output is used by Xcode 'outputs' to avoid re-running this script phase.\necho \"SUCCESS\" > \"${SCRIPT_OUTPUT_FILE_0}\"\n";
			showEnvVarsInLog = 0;
		};
		310EB343E53CF15B02EF9CA9 /* [CP] Embed Pods Frameworks */ = {
			isa = PBXShellScriptBuildPhase;
			buildActionMask = 2147483647;
			files = (
			);
			inputFileListPaths = (
			);
			inputPaths = (
				"${PODS_ROOT}/Target Support Files/Pods-Migraine Log/Pods-Migraine Log-frameworks.sh",
				"${BUILT_PRODUCTS_DIR}/Differentiator/Differentiator.framework",
				"${BUILT_PRODUCTS_DIR}/FontAwesome.swift/FontAwesome_swift.framework",
				"${BUILT_PRODUCTS_DIR}/RxCocoa/RxCocoa.framework",
				"${BUILT_PRODUCTS_DIR}/RxDataSources/RxDataSources.framework",
				"${BUILT_PRODUCTS_DIR}/RxRelay/RxRelay.framework",
				"${BUILT_PRODUCTS_DIR}/RxSwift/RxSwift.framework",
				"${BUILT_PRODUCTS_DIR}/SQLite.swift/SQLite.framework",
			);
			name = "[CP] Embed Pods Frameworks";
			outputFileListPaths = (
			);
			outputPaths = (
				"${TARGET_BUILD_DIR}/${FRAMEWORKS_FOLDER_PATH}/Differentiator.framework",
				"${TARGET_BUILD_DIR}/${FRAMEWORKS_FOLDER_PATH}/FontAwesome_swift.framework",
				"${TARGET_BUILD_DIR}/${FRAMEWORKS_FOLDER_PATH}/RxCocoa.framework",
				"${TARGET_BUILD_DIR}/${FRAMEWORKS_FOLDER_PATH}/RxDataSources.framework",
				"${TARGET_BUILD_DIR}/${FRAMEWORKS_FOLDER_PATH}/RxRelay.framework",
				"${TARGET_BUILD_DIR}/${FRAMEWORKS_FOLDER_PATH}/RxSwift.framework",
				"${TARGET_BUILD_DIR}/${FRAMEWORKS_FOLDER_PATH}/SQLite.framework",
			);
			runOnlyForDeploymentPostprocessing = 0;
			shellPath = /bin/sh;
			shellScript = "\"${PODS_ROOT}/Target Support Files/Pods-Migraine Log/Pods-Migraine Log-frameworks.sh\"\n";
			showEnvVarsInLog = 0;
		};
/* End PBXShellScriptBuildPhase section */

/* Begin PBXSourcesBuildPhase section */
		94A0014A21011AC400F2819E /* Sources */ = {
			isa = PBXSourcesBuildPhase;
			buildActionMask = 2147483647;
			files = (
				9400C3CE22AAF1800080BD84 /* MigraineListViewModel.swift in Sources */,
				94A0015621011AC400F2819E /* StatsViewController.swift in Sources */,
				94382B6C2102C1C000606FF7 /* MigraineCell.swift in Sources */,
				9400C3D022AC6A910080BD84 /* Styles.swift in Sources */,
				94382B6A21012DD800606FF7 /* MigraineDetailsViewController.swift in Sources */,
				940DD98122B1B4780085E39F /* ViewModelUtility.swift in Sources */,
				94382B6421011C7600606FF7 /* Migraine.swift in Sources */,
				9400C3CC22AAF1460080BD84 /* MigraineCellViewModel.swift in Sources */,
				94A0015221011AC400F2819E /* AppDelegate.swift in Sources */,
				94382B6621011E4200606FF7 /* Treatment.swift in Sources */,
				940DD98722B3261C0085E39F /* StatsViewModel.swift in Sources */,
				94A0015421011AC400F2819E /* MigraineListViewController.swift in Sources */,
				940DD98522B2F8740085E39F /* ViewControllerUtility.swift in Sources */,
				94382B68210124BF00606FF7 /* DB.swift in Sources */,
				9441703622A1DC2200366F5C /* MigraineDetailsViewModel.swift in Sources */,
			);
			runOnlyForDeploymentPostprocessing = 0;
		};
/* End PBXSourcesBuildPhase section */

/* Begin PBXVariantGroup section */
		94A0015C21011AC600F2819E /* LaunchScreen.storyboard */ = {
			isa = PBXVariantGroup;
			children = (
				94A0015D21011AC600F2819E /* Base */,
			);
			name = LaunchScreen.storyboard;
			sourceTree = "<group>";
		};
/* End PBXVariantGroup section */

/* Begin XCBuildConfiguration section */
		94A0016021011AC600F2819E /* Debug */ = {
			isa = XCBuildConfiguration;
			buildSettings = {
				ALWAYS_SEARCH_USER_PATHS = NO;
				CLANG_ANALYZER_NONNULL = YES;
				CLANG_ANALYZER_NUMBER_OBJECT_CONVERSION = YES_AGGRESSIVE;
				CLANG_CXX_LANGUAGE_STANDARD = "gnu++14";
				CLANG_CXX_LIBRARY = "libc++";
				CLANG_ENABLE_MODULES = YES;
				CLANG_ENABLE_OBJC_ARC = YES;
				CLANG_ENABLE_OBJC_WEAK = YES;
				CLANG_WARN_BLOCK_CAPTURE_AUTORELEASING = YES;
				CLANG_WARN_BOOL_CONVERSION = YES;
				CLANG_WARN_COMMA = YES;
				CLANG_WARN_CONSTANT_CONVERSION = YES;
				CLANG_WARN_DEPRECATED_OBJC_IMPLEMENTATIONS = YES;
				CLANG_WARN_DIRECT_OBJC_ISA_USAGE = YES_ERROR;
				CLANG_WARN_DOCUMENTATION_COMMENTS = YES;
				CLANG_WARN_EMPTY_BODY = YES;
				CLANG_WARN_ENUM_CONVERSION = YES;
				CLANG_WARN_INFINITE_RECURSION = YES;
				CLANG_WARN_INT_CONVERSION = YES;
				CLANG_WARN_NON_LITERAL_NULL_CONVERSION = YES;
				CLANG_WARN_OBJC_IMPLICIT_RETAIN_SELF = YES;
				CLANG_WARN_OBJC_LITERAL_CONVERSION = YES;
				CLANG_WARN_OBJC_ROOT_CLASS = YES_ERROR;
				CLANG_WARN_RANGE_LOOP_ANALYSIS = YES;
				CLANG_WARN_STRICT_PROTOTYPES = YES;
				CLANG_WARN_SUSPICIOUS_MOVE = YES;
				CLANG_WARN_UNGUARDED_AVAILABILITY = YES_AGGRESSIVE;
				CLANG_WARN_UNREACHABLE_CODE = YES;
				CLANG_WARN__DUPLICATE_METHOD_MATCH = YES;
				CODE_SIGN_IDENTITY = "iPhone Developer";
				COPY_PHASE_STRIP = NO;
				DEBUG_INFORMATION_FORMAT = dwarf;
				ENABLE_STRICT_OBJC_MSGSEND = YES;
				ENABLE_TESTABILITY = YES;
				GCC_C_LANGUAGE_STANDARD = gnu11;
				GCC_DYNAMIC_NO_PIC = NO;
				GCC_NO_COMMON_BLOCKS = YES;
				GCC_OPTIMIZATION_LEVEL = 0;
				GCC_PREPROCESSOR_DEFINITIONS = (
					"DEBUG=1",
					"$(inherited)",
				);
				GCC_WARN_64_TO_32_BIT_CONVERSION = YES;
				GCC_WARN_ABOUT_RETURN_TYPE = YES_ERROR;
				GCC_WARN_UNDECLARED_SELECTOR = YES;
				GCC_WARN_UNINITIALIZED_AUTOS = YES_AGGRESSIVE;
				GCC_WARN_UNUSED_FUNCTION = YES;
				GCC_WARN_UNUSED_VARIABLE = YES;
				IPHONEOS_DEPLOYMENT_TARGET = 11.4;
				MTL_ENABLE_DEBUG_INFO = YES;
				ONLY_ACTIVE_ARCH = YES;
				SDKROOT = iphoneos;
				SWIFT_ACTIVE_COMPILATION_CONDITIONS = DEBUG;
				SWIFT_OPTIMIZATION_LEVEL = "-Onone";
			};
			name = Debug;
		};
		94A0016121011AC600F2819E /* Release */ = {
			isa = XCBuildConfiguration;
			buildSettings = {
				ALWAYS_SEARCH_USER_PATHS = NO;
				CLANG_ANALYZER_NONNULL = YES;
				CLANG_ANALYZER_NUMBER_OBJECT_CONVERSION = YES_AGGRESSIVE;
				CLANG_CXX_LANGUAGE_STANDARD = "gnu++14";
				CLANG_CXX_LIBRARY = "libc++";
				CLANG_ENABLE_MODULES = YES;
				CLANG_ENABLE_OBJC_ARC = YES;
				CLANG_ENABLE_OBJC_WEAK = YES;
				CLANG_WARN_BLOCK_CAPTURE_AUTORELEASING = YES;
				CLANG_WARN_BOOL_CONVERSION = YES;
				CLANG_WARN_COMMA = YES;
				CLANG_WARN_CONSTANT_CONVERSION = YES;
				CLANG_WARN_DEPRECATED_OBJC_IMPLEMENTATIONS = YES;
				CLANG_WARN_DIRECT_OBJC_ISA_USAGE = YES_ERROR;
				CLANG_WARN_DOCUMENTATION_COMMENTS = YES;
				CLANG_WARN_EMPTY_BODY = YES;
				CLANG_WARN_ENUM_CONVERSION = YES;
				CLANG_WARN_INFINITE_RECURSION = YES;
				CLANG_WARN_INT_CONVERSION = YES;
				CLANG_WARN_NON_LITERAL_NULL_CONVERSION = YES;
				CLANG_WARN_OBJC_IMPLICIT_RETAIN_SELF = YES;
				CLANG_WARN_OBJC_LITERAL_CONVERSION = YES;
				CLANG_WARN_OBJC_ROOT_CLASS = YES_ERROR;
				CLANG_WARN_RANGE_LOOP_ANALYSIS = YES;
				CLANG_WARN_STRICT_PROTOTYPES = YES;
				CLANG_WARN_SUSPICIOUS_MOVE = YES;
				CLANG_WARN_UNGUARDED_AVAILABILITY = YES_AGGRESSIVE;
				CLANG_WARN_UNREACHABLE_CODE = YES;
				CLANG_WARN__DUPLICATE_METHOD_MATCH = YES;
				CODE_SIGN_IDENTITY = "iPhone Developer";
				COPY_PHASE_STRIP = NO;
				DEBUG_INFORMATION_FORMAT = "dwarf-with-dsym";
				ENABLE_NS_ASSERTIONS = NO;
				ENABLE_STRICT_OBJC_MSGSEND = YES;
				GCC_C_LANGUAGE_STANDARD = gnu11;
				GCC_NO_COMMON_BLOCKS = YES;
				GCC_WARN_64_TO_32_BIT_CONVERSION = YES;
				GCC_WARN_ABOUT_RETURN_TYPE = YES_ERROR;
				GCC_WARN_UNDECLARED_SELECTOR = YES;
				GCC_WARN_UNINITIALIZED_AUTOS = YES_AGGRESSIVE;
				GCC_WARN_UNUSED_FUNCTION = YES;
				GCC_WARN_UNUSED_VARIABLE = YES;
				IPHONEOS_DEPLOYMENT_TARGET = 11.4;
				MTL_ENABLE_DEBUG_INFO = NO;
				SDKROOT = iphoneos;
				SWIFT_COMPILATION_MODE = wholemodule;
				SWIFT_OPTIMIZATION_LEVEL = "-O";
				VALIDATE_PRODUCT = YES;
			};
			name = Release;
		};
		94A0016321011AC600F2819E /* Debug */ = {
			isa = XCBuildConfiguration;
			baseConfigurationReference = 71AFB17288F9D7E4859EFDF4 /* Pods-Migraine Log.debug.xcconfig */;
			buildSettings = {
				ALWAYS_EMBED_SWIFT_STANDARD_LIBRARIES = YES;
				ASSETCATALOG_COMPILER_APPICON_NAME = AppIcon;
				CODE_SIGN_STYLE = Automatic;
				DEVELOPMENT_TEAM = PH278T7MS2;
				INFOPLIST_FILE = "Migraine Log/Info.plist";
				IPHONEOS_DEPLOYMENT_TARGET = 12.2;
				LD_RUNPATH_SEARCH_PATHS = (
					"$(inherited)",
					"@executable_path/Frameworks",
				);
				PRODUCT_BUNDLE_IDENTIFIER = "rmf.Migraine-Log";
				PRODUCT_NAME = "$(TARGET_NAME)";
				SWIFT_VERSION = 5.0;
				TARGETED_DEVICE_FAMILY = "1,2";
			};
			name = Debug;
		};
		94A0016421011AC600F2819E /* Release */ = {
			isa = XCBuildConfiguration;
			baseConfigurationReference = E33FBECA8973C3AD15663D3A /* Pods-Migraine Log.release.xcconfig */;
			buildSettings = {
				ALWAYS_EMBED_SWIFT_STANDARD_LIBRARIES = YES;
				ASSETCATALOG_COMPILER_APPICON_NAME = AppIcon;
				CODE_SIGN_STYLE = Automatic;
				DEVELOPMENT_TEAM = PH278T7MS2;
				INFOPLIST_FILE = "Migraine Log/Info.plist";
				IPHONEOS_DEPLOYMENT_TARGET = 12.2;
				LD_RUNPATH_SEARCH_PATHS = (
					"$(inherited)",
					"@executable_path/Frameworks",
				);
				PRODUCT_BUNDLE_IDENTIFIER = "rmf.Migraine-Log";
				PRODUCT_NAME = "$(TARGET_NAME)";
				SWIFT_VERSION = 5.0;
				TARGETED_DEVICE_FAMILY = "1,2";
			};
			name = Release;
		};
/* End XCBuildConfiguration section */

/* Begin XCConfigurationList section */
		94A0014921011AC400F2819E /* Build configuration list for PBXProject "Migraine Log" */ = {
			isa = XCConfigurationList;
			buildConfigurations = (
				94A0016021011AC600F2819E /* Debug */,
				94A0016121011AC600F2819E /* Release */,
			);
			defaultConfigurationIsVisible = 0;
			defaultConfigurationName = Release;
		};
		94A0016221011AC600F2819E /* Build configuration list for PBXNativeTarget "Migraine Log" */ = {
			isa = XCConfigurationList;
			buildConfigurations = (
				94A0016321011AC600F2819E /* Debug */,
				94A0016421011AC600F2819E /* Release */,
			);
			defaultConfigurationIsVisible = 0;
			defaultConfigurationName = Release;
		};
/* End XCConfigurationList section */
	};
	rootObject = 94A0014621011AC400F2819E /* Project object */;
}
